
Microsoft Visual Studio Solution File, Format Version 12.00
# Visual Studio Version 17
VisualStudioVersion = 17.13.35825.156 d17.13
MinimumVisualStudioVersion = 10.0.40219.1
Project("{FAE04EC0-301F-11D3-BF4B-00C04F79EFBC}") = "Project2", "Project2.csproj", "{76695099-F59B-4C20-89A7-320E980CB5E7}"
EndProject
Global
	GlobalSection(SolutionConfigurationPlatforms) = preSolution
		Debug|Any CPU = Debug|Any CPU
		Release|Any CPU = Release|Any CPU
	EndGlobalSection
	GlobalSection(ProjectConfigurationPlatforms) = postSolution
		{76695099-F59B-4C20-89A7-320E980CB5E7}.Debug|Any CPU.ActiveCfg = Debug|Any CPU
		{76695099-F59B-4C20-89A7-320E980CB5E7}.Debug|Any CPU.Build.0 = Debug|Any CPU
		{76695099-F59B-4C20-89A7-320E980CB5E7}.Release|Any CPU.ActiveCfg = Release|Any CPU
		{76695099-F59B-4C20-89A7-320E980CB5E7}.Release|Any CPU.Build.0 = Release|Any CPU
	EndGlobalSection
	GlobalSection(SolutionProperties) = preSolution
		HideSolutionNode = FALSE
	EndGlobalSection
	GlobalSection(ExtensibilityGlobals) = postSolution
		SolutionGuid = {4C89ECE1-9080-436A-BD0A-E0E79160C2A4}
	EndGlobalSection
EndGlobal
